
Microsoft Visual Studio Solution File, Format Version 12.00
# Visual Studio 15
VisualStudioVersion = 15.0.26730.3
MinimumVisualStudioVersion = 10.0.40219.1
Project("{2150E333-8FDC-42A3-9474-1A3956D46DE8}") = "src", "src", "{150D8B9D-3032-41DE-9BC1-E259047AA970}"
EndProject
Project("{2150E333-8FDC-42A3-9474-1A3956D46DE8}") = "Solution Items", "Solution Items", "{06236E42-A81F-4831-9EE8-A7C4454EF3F3}"
EndProject
Project("{2150E333-8FDC-42A3-9474-1A3956D46DE8}") = "Core", "Core", "{69BD6B5D-B997-49C3-872C-967243F258EE}"
EndProject
Project("{2150E333-8FDC-42A3-9474-1A3956D46DE8}") = "Tests", "Tests", "{B7DCEB1B-1E50-469A-A36E-206D5863D092}"
EndProject
Project("{2150E333-8FDC-42A3-9474-1A3956D46DE8}") = "Domain", "Domain", "{C0A6C582-F7FE-44CA-8FC2-BBB3A62C961E}"
EndProject
Project("{9A19103F-16F7-4668-BE54-9A1E7A4F7556}") = "HashtagAggregator", "src\HashtagAggregator\HashtagAggregator.csproj", "{EBDE06DB-5904-410A-9686-8C4851C84258}"
EndProject
Project("{9A19103F-16F7-4668-BE54-9A1E7A4F7556}") = "HashtagAggregator.Tests", "HashtagAggregator.Tests\HashtagAggregator.Tests.csproj", "{EBE61C78-F38A-4E65-8842-2A5E58251B21}"
EndProject
Project("{9A19103F-16F7-4668-BE54-9A1E7A4F7556}") = "HashtagAggregator.Core.Cqrs", "HashtagAggregator.Core.Cqrs\HashtagAggregator.Core.Cqrs.csproj", "{B1B3B636-DAFE-4980-BB99-851EDAAF1610}"
EndProject
Project("{9A19103F-16F7-4668-BE54-9A1E7A4F7556}") = "HashtagAggregator.Core.Models", "HashtagAggregator.Core.Models\HashtagAggregator.Core.Models.csproj", "{4DDA0C5D-2EF8-46A6-B23B-17B50B4D14E2}"
EndProject
Project("{9A19103F-16F7-4668-BE54-9A1E7A4F7556}") = "HashtagAggregator.Domain.Cqrs.EF", "HashtagAggregator.Domain.Cqrs.EF\HashtagAggregator.Domain.Cqrs.EF.csproj", "{155BF417-E5CA-4A3C-8F93-5B138B466C4F}"
EndProject
Project("{9A19103F-16F7-4668-BE54-9A1E7A4F7556}") = "HashTagAggregator.Tests.DataHelpers", "HashTagAggregator.Tests.DataHelpers\HashTagAggregator.Tests.DataHelpers.csproj", "{D946987C-74D8-4FA2-9599-8945DE9FB145}"
EndProject
Global
	GlobalSection(SolutionConfigurationPlatforms) = preSolution
		Debug|Any CPU = Debug|Any CPU
		Release|Any CPU = Release|Any CPU
	EndGlobalSection
	GlobalSection(ProjectConfigurationPlatforms) = postSolution
		{EBDE06DB-5904-410A-9686-8C4851C84258}.Debug|Any CPU.ActiveCfg = Debug|Any CPU
		{EBDE06DB-5904-410A-9686-8C4851C84258}.Debug|Any CPU.Build.0 = Debug|Any CPU
		{EBDE06DB-5904-410A-9686-8C4851C84258}.Release|Any CPU.ActiveCfg = Release|Any CPU
		{EBDE06DB-5904-410A-9686-8C4851C84258}.Release|Any CPU.Build.0 = Release|Any CPU
		{EBE61C78-F38A-4E65-8842-2A5E58251B21}.Debug|Any CPU.ActiveCfg = Debug|Any CPU
		{EBE61C78-F38A-4E65-8842-2A5E58251B21}.Debug|Any CPU.Build.0 = Debug|Any CPU
		{EBE61C78-F38A-4E65-8842-2A5E58251B21}.Release|Any CPU.ActiveCfg = Release|Any CPU
		{EBE61C78-F38A-4E65-8842-2A5E58251B21}.Release|Any CPU.Build.0 = Release|Any CPU
		{B1B3B636-DAFE-4980-BB99-851EDAAF1610}.Debug|Any CPU.ActiveCfg = Debug|Any CPU
		{B1B3B636-DAFE-4980-BB99-851EDAAF1610}.Debug|Any CPU.Build.0 = Debug|Any CPU
		{B1B3B636-DAFE-4980-BB99-851EDAAF1610}.Release|Any CPU.ActiveCfg = Release|Any CPU
		{B1B3B636-DAFE-4980-BB99-851EDAAF1610}.Release|Any CPU.Build.0 = Release|Any CPU
		{4DDA0C5D-2EF8-46A6-B23B-17B50B4D14E2}.Debug|Any CPU.ActiveCfg = Debug|Any CPU
		{4DDA0C5D-2EF8-46A6-B23B-17B50B4D14E2}.Debug|Any CPU.Build.0 = Debug|Any CPU
		{4DDA0C5D-2EF8-46A6-B23B-17B50B4D14E2}.Release|Any CPU.ActiveCfg = Release|Any CPU
		{4DDA0C5D-2EF8-46A6-B23B-17B50B4D14E2}.Release|Any CPU.Build.0 = Release|Any CPU
		{155BF417-E5CA-4A3C-8F93-5B138B466C4F}.Debug|Any CPU.ActiveCfg = Debug|Any CPU
		{155BF417-E5CA-4A3C-8F93-5B138B466C4F}.Debug|Any CPU.Build.0 = Debug|Any CPU
		{155BF417-E5CA-4A3C-8F93-5B138B466C4F}.Release|Any CPU.ActiveCfg = Release|Any CPU
		{155BF417-E5CA-4A3C-8F93-5B138B466C4F}.Release|Any CPU.Build.0 = Release|Any CPU
		{D946987C-74D8-4FA2-9599-8945DE9FB145}.Debug|Any CPU.ActiveCfg = Debug|Any CPU
		{D946987C-74D8-4FA2-9599-8945DE9FB145}.Debug|Any CPU.Build.0 = Debug|Any CPU
		{D946987C-74D8-4FA2-9599-8945DE9FB145}.Release|Any CPU.ActiveCfg = Release|Any CPU
		{D946987C-74D8-4FA2-9599-8945DE9FB145}.Release|Any CPU.Build.0 = Release|Any CPU
	EndGlobalSection
	GlobalSection(SolutionProperties) = preSolution
		HideSolutionNode = FALSE
	EndGlobalSection
	GlobalSection(NestedProjects) = preSolution
		{69BD6B5D-B997-49C3-872C-967243F258EE} = {150D8B9D-3032-41DE-9BC1-E259047AA970}
		{B7DCEB1B-1E50-469A-A36E-206D5863D092} = {150D8B9D-3032-41DE-9BC1-E259047AA970}
		{C0A6C582-F7FE-44CA-8FC2-BBB3A62C961E} = {150D8B9D-3032-41DE-9BC1-E259047AA970}
		{EBDE06DB-5904-410A-9686-8C4851C84258} = {150D8B9D-3032-41DE-9BC1-E259047AA970}
		{EBE61C78-F38A-4E65-8842-2A5E58251B21} = {B7DCEB1B-1E50-469A-A36E-206D5863D092}
		{B1B3B636-DAFE-4980-BB99-851EDAAF1610} = {69BD6B5D-B997-49C3-872C-967243F258EE}
		{4DDA0C5D-2EF8-46A6-B23B-17B50B4D14E2} = {69BD6B5D-B997-49C3-872C-967243F258EE}
		{155BF417-E5CA-4A3C-8F93-5B138B466C4F} = {C0A6C582-F7FE-44CA-8FC2-BBB3A62C961E}
		{D946987C-74D8-4FA2-9599-8945DE9FB145} = {B7DCEB1B-1E50-469A-A36E-206D5863D092}
	EndGlobalSection
	GlobalSection(ExtensibilityGlobals) = postSolution
		SolutionGuid = {35D33A3E-F32F-4512-9864-C7372FA79D5A}
	EndGlobalSection
EndGlobal
