
Microsoft Visual Studio Solution File, Format Version 12.00
# Visual Studio 15
VisualStudioVersion = 15.0.26228.4
MinimumVisualStudioVersion = 10.0.40219.1
Project("{2150E333-8FDC-42A3-9474-1A3956D46DE8}") = "src", "src", "{150D8B9D-3032-41DE-9BC1-E259047AA970}"
EndProject
Project("{2150E333-8FDC-42A3-9474-1A3956D46DE8}") = "Solution Items", "Solution Items", "{06236E42-A81F-4831-9EE8-A7C4454EF3F3}"
EndProject
Project("{2150E333-8FDC-42A3-9474-1A3956D46DE8}") = "DomainShared", "DomainShared", "{F6B59B15-E0EC-4686-B5EE-28B2DE58F427}"
EndProject
Project("{2150E333-8FDC-42A3-9474-1A3956D46DE8}") = "Infrastructure", "Infrastructure", "{7178C8CC-19D3-4350-8531-664A79A0C0B4}"
EndProject
Project("{2150E333-8FDC-42A3-9474-1A3956D46DE8}") = "Core", "Core", "{69BD6B5D-B997-49C3-872C-967243F258EE}"
EndProject
Project("{2150E333-8FDC-42A3-9474-1A3956D46DE8}") = "Tests", "Tests", "{B7DCEB1B-1E50-469A-A36E-206D5863D092}"
EndProject
Project("{2150E333-8FDC-42A3-9474-1A3956D46DE8}") = "Domain", "Domain", "{C0A6C582-F7FE-44CA-8FC2-BBB3A62C961E}"
EndProject
Project("{9A19103F-16F7-4668-BE54-9A1E7A4F7556}") = "HashtagAggregator", "src\HashtagAggregator\HashtagAggregator.csproj", "{EBDE06DB-5904-410A-9686-8C4851C84258}"
EndProject
Project("{9A19103F-16F7-4668-BE54-9A1E7A4F7556}") = "HashtagAggregator.Data.DataAccess", "HashtagAggregator.Data.DataAccess\HashtagAggregator.Data.DataAccess.csproj", "{D9CFB397-C6EE-48CC-BF6D-9948B110DCEB}"
EndProject
Project("{9A19103F-16F7-4668-BE54-9A1E7A4F7556}") = "HashtagAggregator.Shared.Logging", "HashtagAggregator.Shared.Logging\HashtagAggregator.Shared.Logging.csproj", "{596EF68F-F0EE-489A-90D8-B067BD7DB710}"
EndProject
Project("{9A19103F-16F7-4668-BE54-9A1E7A4F7556}") = "HashtagAggregator.Tests", "HashtagAggregator.Tests\HashtagAggregator.Tests.csproj", "{EBE61C78-F38A-4E65-8842-2A5E58251B21}"
EndProject
Project("{9A19103F-16F7-4668-BE54-9A1E7A4F7556}") = "HashtagAggregator.Shared.Contracts", "HashtagAggregator.Shared.Contracts\HashtagAggregator.Shared.Contracts.csproj", "{66A0614A-9A81-437C-8B71-CADFE30EDB94}"
EndProject
Project("{9A19103F-16F7-4668-BE54-9A1E7A4F7556}") = "HashtagAggregator.Shared.Common", "HashtagAggregator.Shared.Common\HashtagAggregator.Shared.Common.csproj", "{EF8F0386-CD6D-4F65-88BA-52A6F37DE45A}"
EndProject
Project("{9A19103F-16F7-4668-BE54-9A1E7A4F7556}") = "HashtagAggregator.Data.Contracts", "HashtagAggregator.Data.Contracts\HashtagAggregator.Data.Contracts.csproj", "{5145A042-5B8B-40D2-8DA9-E149CEC60B9D}"
EndProject
Project("{9A19103F-16F7-4668-BE54-9A1E7A4F7556}") = "HashtagAggregator.Core.Contracts", "HashtagAggregator.Core.Contracts\HashtagAggregator.Core.Contracts.csproj", "{DFD9FCA3-A06B-422D-BF8C-A51F596716DA}"
EndProject
Project("{9A19103F-16F7-4668-BE54-9A1E7A4F7556}") = "HashtagAggregator.Core.Cqrs", "HashtagAggregator.Core.Cqrs\HashtagAggregator.Core.Cqrs.csproj", "{B1B3B636-DAFE-4980-BB99-851EDAAF1610}"
EndProject
Project("{9A19103F-16F7-4668-BE54-9A1E7A4F7556}") = "HashtagAggregator.Core.Models", "HashtagAggregator.Core.Models\HashtagAggregator.Core.Models.csproj", "{4DDA0C5D-2EF8-46A6-B23B-17B50B4D14E2}"
EndProject
Project("{9A19103F-16F7-4668-BE54-9A1E7A4F7556}") = "HashtagAggregator.Domain.Cqrs.Vk", "HashtagAggregator.Domain.Cqrs.Vk\HashtagAggregator.Domain.Cqrs.Vk.csproj", "{22C04F14-7CD3-430C-A938-4FBF9F52CF2A}"
EndProject
Project("{9A19103F-16F7-4668-BE54-9A1E7A4F7556}") = "HashtagAggregator.Domain.Cqrs.Twitter", "HashtagAggregator.Domain.Cqrs.Twitter\HashtagAggregator.Domain.Cqrs.Twitter.csproj", "{A5F11B1E-B073-4064-A1B6-50F8534F9455}"
EndProject
Project("{9A19103F-16F7-4668-BE54-9A1E7A4F7556}") = "HashtagAggregator.Data.Internet", "HashtagAggregator.Data.Internet\HashtagAggregator.Data.Internet.csproj", "{D25314F0-9CF7-4A5E-A6A3-68268D176428}"
EndProject
Project("{9A19103F-16F7-4668-BE54-9A1E7A4F7556}") = "HashtagAggregator.Domain.Cqrs.EF", "HashtagAggregator.Domain.Cqrs.EF\HashtagAggregator.Domain.Cqrs.EF.csproj", "{155BF417-E5CA-4A3C-8F93-5B138B466C4F}"
EndProject
Project("{9A19103F-16F7-4668-BE54-9A1E7A4F7556}") = "HashtagAggregator.Domain.Cqrs.Common", "HashtagAggregator.Domain.Cqrs.Common\HashtagAggregator.Domain.Cqrs.Common.csproj", "{12E3222C-E86D-485F-8DB0-4BE591D17F22}"
EndProject
Project("{9A19103F-16F7-4668-BE54-9A1E7A4F7556}") = "HashtagAggregator.Core.Entities", "HashtagAggregator.Core.Entities\HashtagAggregator.Core.Entities.csproj", "{E0010945-BA57-4911-8FF1-7EBFB4B7DBD0}"
EndProject
Project("{FAE04EC0-301F-11D3-BF4B-00C04F79EFBC}") = "HashtagAggregator.IdentityServer", "HashtagAggregator.IdentityServer\HashtagAggregator.IdentityServer.csproj", "{9AED1585-A37D-4D76-9F01-69145B2F7488}"
EndProject
Global
	GlobalSection(SolutionConfigurationPlatforms) = preSolution
		Debug|Any CPU = Debug|Any CPU
		Release|Any CPU = Release|Any CPU
	EndGlobalSection
	GlobalSection(ProjectConfigurationPlatforms) = postSolution
		{EBDE06DB-5904-410A-9686-8C4851C84258}.Debug|Any CPU.ActiveCfg = Debug|Any CPU
		{EBDE06DB-5904-410A-9686-8C4851C84258}.Debug|Any CPU.Build.0 = Debug|Any CPU
		{EBDE06DB-5904-410A-9686-8C4851C84258}.Release|Any CPU.ActiveCfg = Release|Any CPU
		{EBDE06DB-5904-410A-9686-8C4851C84258}.Release|Any CPU.Build.0 = Release|Any CPU
		{D9CFB397-C6EE-48CC-BF6D-9948B110DCEB}.Debug|Any CPU.ActiveCfg = Debug|Any CPU
		{D9CFB397-C6EE-48CC-BF6D-9948B110DCEB}.Debug|Any CPU.Build.0 = Debug|Any CPU
		{D9CFB397-C6EE-48CC-BF6D-9948B110DCEB}.Release|Any CPU.ActiveCfg = Release|Any CPU
		{D9CFB397-C6EE-48CC-BF6D-9948B110DCEB}.Release|Any CPU.Build.0 = Release|Any CPU
		{596EF68F-F0EE-489A-90D8-B067BD7DB710}.Debug|Any CPU.ActiveCfg = Debug|Any CPU
		{596EF68F-F0EE-489A-90D8-B067BD7DB710}.Debug|Any CPU.Build.0 = Debug|Any CPU
		{596EF68F-F0EE-489A-90D8-B067BD7DB710}.Release|Any CPU.ActiveCfg = Release|Any CPU
		{596EF68F-F0EE-489A-90D8-B067BD7DB710}.Release|Any CPU.Build.0 = Release|Any CPU
		{EBE61C78-F38A-4E65-8842-2A5E58251B21}.Debug|Any CPU.ActiveCfg = Debug|Any CPU
		{EBE61C78-F38A-4E65-8842-2A5E58251B21}.Debug|Any CPU.Build.0 = Debug|Any CPU
		{EBE61C78-F38A-4E65-8842-2A5E58251B21}.Release|Any CPU.ActiveCfg = Release|Any CPU
		{EBE61C78-F38A-4E65-8842-2A5E58251B21}.Release|Any CPU.Build.0 = Release|Any CPU
		{66A0614A-9A81-437C-8B71-CADFE30EDB94}.Debug|Any CPU.ActiveCfg = Debug|Any CPU
		{66A0614A-9A81-437C-8B71-CADFE30EDB94}.Debug|Any CPU.Build.0 = Debug|Any CPU
		{66A0614A-9A81-437C-8B71-CADFE30EDB94}.Release|Any CPU.ActiveCfg = Release|Any CPU
		{66A0614A-9A81-437C-8B71-CADFE30EDB94}.Release|Any CPU.Build.0 = Release|Any CPU
		{EF8F0386-CD6D-4F65-88BA-52A6F37DE45A}.Debug|Any CPU.ActiveCfg = Debug|Any CPU
		{EF8F0386-CD6D-4F65-88BA-52A6F37DE45A}.Debug|Any CPU.Build.0 = Debug|Any CPU
		{EF8F0386-CD6D-4F65-88BA-52A6F37DE45A}.Release|Any CPU.ActiveCfg = Release|Any CPU
		{EF8F0386-CD6D-4F65-88BA-52A6F37DE45A}.Release|Any CPU.Build.0 = Release|Any CPU
		{5145A042-5B8B-40D2-8DA9-E149CEC60B9D}.Debug|Any CPU.ActiveCfg = Debug|Any CPU
		{5145A042-5B8B-40D2-8DA9-E149CEC60B9D}.Debug|Any CPU.Build.0 = Debug|Any CPU
		{5145A042-5B8B-40D2-8DA9-E149CEC60B9D}.Release|Any CPU.ActiveCfg = Release|Any CPU
		{5145A042-5B8B-40D2-8DA9-E149CEC60B9D}.Release|Any CPU.Build.0 = Release|Any CPU
		{DFD9FCA3-A06B-422D-BF8C-A51F596716DA}.Debug|Any CPU.ActiveCfg = Debug|Any CPU
		{DFD9FCA3-A06B-422D-BF8C-A51F596716DA}.Debug|Any CPU.Build.0 = Debug|Any CPU
		{DFD9FCA3-A06B-422D-BF8C-A51F596716DA}.Release|Any CPU.ActiveCfg = Release|Any CPU
		{DFD9FCA3-A06B-422D-BF8C-A51F596716DA}.Release|Any CPU.Build.0 = Release|Any CPU
		{B1B3B636-DAFE-4980-BB99-851EDAAF1610}.Debug|Any CPU.ActiveCfg = Debug|Any CPU
		{B1B3B636-DAFE-4980-BB99-851EDAAF1610}.Debug|Any CPU.Build.0 = Debug|Any CPU
		{B1B3B636-DAFE-4980-BB99-851EDAAF1610}.Release|Any CPU.ActiveCfg = Release|Any CPU
		{B1B3B636-DAFE-4980-BB99-851EDAAF1610}.Release|Any CPU.Build.0 = Release|Any CPU
		{4DDA0C5D-2EF8-46A6-B23B-17B50B4D14E2}.Debug|Any CPU.ActiveCfg = Debug|Any CPU
		{4DDA0C5D-2EF8-46A6-B23B-17B50B4D14E2}.Debug|Any CPU.Build.0 = Debug|Any CPU
		{4DDA0C5D-2EF8-46A6-B23B-17B50B4D14E2}.Release|Any CPU.ActiveCfg = Release|Any CPU
		{4DDA0C5D-2EF8-46A6-B23B-17B50B4D14E2}.Release|Any CPU.Build.0 = Release|Any CPU
		{22C04F14-7CD3-430C-A938-4FBF9F52CF2A}.Debug|Any CPU.ActiveCfg = Debug|Any CPU
		{22C04F14-7CD3-430C-A938-4FBF9F52CF2A}.Debug|Any CPU.Build.0 = Debug|Any CPU
		{22C04F14-7CD3-430C-A938-4FBF9F52CF2A}.Release|Any CPU.ActiveCfg = Release|Any CPU
		{22C04F14-7CD3-430C-A938-4FBF9F52CF2A}.Release|Any CPU.Build.0 = Release|Any CPU
		{A5F11B1E-B073-4064-A1B6-50F8534F9455}.Debug|Any CPU.ActiveCfg = Debug|Any CPU
		{A5F11B1E-B073-4064-A1B6-50F8534F9455}.Debug|Any CPU.Build.0 = Debug|Any CPU
		{A5F11B1E-B073-4064-A1B6-50F8534F9455}.Release|Any CPU.ActiveCfg = Release|Any CPU
		{A5F11B1E-B073-4064-A1B6-50F8534F9455}.Release|Any CPU.Build.0 = Release|Any CPU
		{D25314F0-9CF7-4A5E-A6A3-68268D176428}.Debug|Any CPU.ActiveCfg = Debug|Any CPU
		{D25314F0-9CF7-4A5E-A6A3-68268D176428}.Debug|Any CPU.Build.0 = Debug|Any CPU
		{D25314F0-9CF7-4A5E-A6A3-68268D176428}.Release|Any CPU.ActiveCfg = Release|Any CPU
		{D25314F0-9CF7-4A5E-A6A3-68268D176428}.Release|Any CPU.Build.0 = Release|Any CPU
		{155BF417-E5CA-4A3C-8F93-5B138B466C4F}.Debug|Any CPU.ActiveCfg = Debug|Any CPU
		{155BF417-E5CA-4A3C-8F93-5B138B466C4F}.Debug|Any CPU.Build.0 = Debug|Any CPU
		{155BF417-E5CA-4A3C-8F93-5B138B466C4F}.Release|Any CPU.ActiveCfg = Release|Any CPU
		{155BF417-E5CA-4A3C-8F93-5B138B466C4F}.Release|Any CPU.Build.0 = Release|Any CPU
		{12E3222C-E86D-485F-8DB0-4BE591D17F22}.Debug|Any CPU.ActiveCfg = Debug|Any CPU
		{12E3222C-E86D-485F-8DB0-4BE591D17F22}.Debug|Any CPU.Build.0 = Debug|Any CPU
		{12E3222C-E86D-485F-8DB0-4BE591D17F22}.Release|Any CPU.ActiveCfg = Release|Any CPU
		{12E3222C-E86D-485F-8DB0-4BE591D17F22}.Release|Any CPU.Build.0 = Release|Any CPU
		{E0010945-BA57-4911-8FF1-7EBFB4B7DBD0}.Debug|Any CPU.ActiveCfg = Debug|Any CPU
		{E0010945-BA57-4911-8FF1-7EBFB4B7DBD0}.Debug|Any CPU.Build.0 = Debug|Any CPU
		{E0010945-BA57-4911-8FF1-7EBFB4B7DBD0}.Release|Any CPU.ActiveCfg = Release|Any CPU
		{E0010945-BA57-4911-8FF1-7EBFB4B7DBD0}.Release|Any CPU.Build.0 = Release|Any CPU
		{9AED1585-A37D-4D76-9F01-69145B2F7488}.Debug|Any CPU.ActiveCfg = Debug|Any CPU
		{9AED1585-A37D-4D76-9F01-69145B2F7488}.Debug|Any CPU.Build.0 = Debug|Any CPU
		{9AED1585-A37D-4D76-9F01-69145B2F7488}.Release|Any CPU.ActiveCfg = Release|Any CPU
		{9AED1585-A37D-4D76-9F01-69145B2F7488}.Release|Any CPU.Build.0 = Release|Any CPU
	EndGlobalSection
	GlobalSection(SolutionProperties) = preSolution
		HideSolutionNode = FALSE
	EndGlobalSection
	GlobalSection(NestedProjects) = preSolution
		{F6B59B15-E0EC-4686-B5EE-28B2DE58F427} = {150D8B9D-3032-41DE-9BC1-E259047AA970}
		{7178C8CC-19D3-4350-8531-664A79A0C0B4} = {150D8B9D-3032-41DE-9BC1-E259047AA970}
		{69BD6B5D-B997-49C3-872C-967243F258EE} = {150D8B9D-3032-41DE-9BC1-E259047AA970}
		{B7DCEB1B-1E50-469A-A36E-206D5863D092} = {150D8B9D-3032-41DE-9BC1-E259047AA970}
		{C0A6C582-F7FE-44CA-8FC2-BBB3A62C961E} = {150D8B9D-3032-41DE-9BC1-E259047AA970}
		{EBDE06DB-5904-410A-9686-8C4851C84258} = {150D8B9D-3032-41DE-9BC1-E259047AA970}
		{D9CFB397-C6EE-48CC-BF6D-9948B110DCEB} = {7178C8CC-19D3-4350-8531-664A79A0C0B4}
		{596EF68F-F0EE-489A-90D8-B067BD7DB710} = {F6B59B15-E0EC-4686-B5EE-28B2DE58F427}
		{EBE61C78-F38A-4E65-8842-2A5E58251B21} = {B7DCEB1B-1E50-469A-A36E-206D5863D092}
		{66A0614A-9A81-437C-8B71-CADFE30EDB94} = {F6B59B15-E0EC-4686-B5EE-28B2DE58F427}
		{EF8F0386-CD6D-4F65-88BA-52A6F37DE45A} = {F6B59B15-E0EC-4686-B5EE-28B2DE58F427}
		{5145A042-5B8B-40D2-8DA9-E149CEC60B9D} = {7178C8CC-19D3-4350-8531-664A79A0C0B4}
		{DFD9FCA3-A06B-422D-BF8C-A51F596716DA} = {69BD6B5D-B997-49C3-872C-967243F258EE}
		{B1B3B636-DAFE-4980-BB99-851EDAAF1610} = {69BD6B5D-B997-49C3-872C-967243F258EE}
		{4DDA0C5D-2EF8-46A6-B23B-17B50B4D14E2} = {69BD6B5D-B997-49C3-872C-967243F258EE}
		{22C04F14-7CD3-430C-A938-4FBF9F52CF2A} = {C0A6C582-F7FE-44CA-8FC2-BBB3A62C961E}
		{A5F11B1E-B073-4064-A1B6-50F8534F9455} = {C0A6C582-F7FE-44CA-8FC2-BBB3A62C961E}
		{D25314F0-9CF7-4A5E-A6A3-68268D176428} = {7178C8CC-19D3-4350-8531-664A79A0C0B4}
		{155BF417-E5CA-4A3C-8F93-5B138B466C4F} = {C0A6C582-F7FE-44CA-8FC2-BBB3A62C961E}
		{12E3222C-E86D-485F-8DB0-4BE591D17F22} = {C0A6C582-F7FE-44CA-8FC2-BBB3A62C961E}
		{E0010945-BA57-4911-8FF1-7EBFB4B7DBD0} = {69BD6B5D-B997-49C3-872C-967243F258EE}
		{9AED1585-A37D-4D76-9F01-69145B2F7488} = {150D8B9D-3032-41DE-9BC1-E259047AA970}
	EndGlobalSection
EndGlobal
