
Microsoft Visual Studio Solution File, Format Version 12.00
# Visual Studio 14
VisualStudioVersion = 14.0.25420.1
MinimumVisualStudioVersion = 10.0.40219.1
Project("{2150E333-8FDC-42A3-9474-1A3956D46DE8}") = "src", "src", "{150D8B9D-3032-41DE-9BC1-E259047AA970}"
EndProject
Project("{2150E333-8FDC-42A3-9474-1A3956D46DE8}") = "Solution Items", "Solution Items", "{06236E42-A81F-4831-9EE8-A7C4454EF3F3}"
	ProjectSection(SolutionItems) = preProject
		global.json = global.json
	EndProjectSection
EndProject
Project("{8BB2217D-0F2D-49D1-97BC-3654ED321F3B}") = "MyStudyProject", "src\MyStudyProject\MyStudyProject.xproj", "{EBDE06DB-5904-410A-9686-8C4851C84258}"
EndProject
Project("{2150E333-8FDC-42A3-9474-1A3956D46DE8}") = "Shared", "Shared", "{F6B59B15-E0EC-4686-B5EE-28B2DE58F427}"
EndProject
Project("{2150E333-8FDC-42A3-9474-1A3956D46DE8}") = "DataLayer", "DataLayer", "{7178C8CC-19D3-4350-8531-664A79A0C0B4}"
EndProject
Project("{2150E333-8FDC-42A3-9474-1A3956D46DE8}") = "Domain", "Domain", "{69BD6B5D-B997-49C3-872C-967243F258EE}"
EndProject
Project("{8BB2217D-0F2D-49D1-97BC-3654ED321F3B}") = "MyStudyProject.Data.DbMigration", "MyStudyProject.Data.DbMigration\MyStudyProject.Data.DbMigration.xproj", "{EE09B4AC-5108-496A-A1D6-5530A8EF5779}"
EndProject
Project("{8BB2217D-0F2D-49D1-97BC-3654ED321F3B}") = "MyStudyProject.Data.DataAccess", "MyStudyProject.Data.DataAccess\MyStudyProject.Data.DataAccess.xproj", "{D9CFB397-C6EE-48CC-BF6D-9948B110DCEB}"
EndProject
Project("{8BB2217D-0F2D-49D1-97BC-3654ED321F3B}") = "MyStudyProject.Data.Entities", "MyStudyProject.Data.Entities\MyStudyProject.Data.Entities.xproj", "{D8E7F03C-66A6-4B1A-825B-197B3129F72B}"
EndProject
Project("{8BB2217D-0F2D-49D1-97BC-3654ED321F3B}") = "MyStudyProject.Business.Contracts", "MyStudyProject.Business.Contracts\MyStudyProject.Business.Contracts.xproj", "{DFD9FCA3-A06B-422D-BF8C-A51F596716DA}"
EndProject
Project("{8BB2217D-0F2D-49D1-97BC-3654ED321F3B}") = "MyStudyProject.Business.Services", "MyStudyProject.Business.Services\MyStudyProject.Business.Services.xproj", "{D25314F0-9CF7-4A5E-A6A3-68268D176428}"
EndProject
Project("{8BB2217D-0F2D-49D1-97BC-3654ED321F3B}") = "MyStudyProject.Shared.Logging", "MyStudyProject.Shared.Logging\MyStudyProject.Shared.Logging.xproj", "{596EF68F-F0EE-489A-90D8-B067BD7DB710}"
EndProject
Project("{8BB2217D-0F2D-49D1-97BC-3654ED321F3B}") = "MyStudyProject.Business.Models", "MyStudyProject.Business.Models\MyStudyProject.Business.Models.xproj", "{4DDA0C5D-2EF8-46A6-B23B-17B50B4D14E2}"
EndProject
Project("{2150E333-8FDC-42A3-9474-1A3956D46DE8}") = "Tests", "Tests", "{B7DCEB1B-1E50-469A-A36E-206D5863D092}"
EndProject
Project("{8BB2217D-0F2D-49D1-97BC-3654ED321F3B}") = "MyStudyProject.Tests", "MyStudyProject.Tests\MyStudyProject.Tests.xproj", "{EBE61C78-F38A-4E65-8842-2A5E58251B21}"
EndProject
Project("{8BB2217D-0F2D-49D1-97BC-3654ED321F3B}") = "MyStudyProject.Shared.Contracts", "MyStudyProject.Shared.Contracts\MyStudyProject.Shared.Contracts.xproj", "{66A0614A-9A81-437C-8B71-CADFE30EDB94}"
EndProject
Global
	GlobalSection(SolutionConfigurationPlatforms) = preSolution
		Debug|Any CPU = Debug|Any CPU
		Release|Any CPU = Release|Any CPU
	EndGlobalSection
	GlobalSection(ProjectConfigurationPlatforms) = postSolution
		{EBDE06DB-5904-410A-9686-8C4851C84258}.Debug|Any CPU.ActiveCfg = Debug|Any CPU
		{EBDE06DB-5904-410A-9686-8C4851C84258}.Debug|Any CPU.Build.0 = Debug|Any CPU
		{EBDE06DB-5904-410A-9686-8C4851C84258}.Release|Any CPU.ActiveCfg = Release|Any CPU
		{EBDE06DB-5904-410A-9686-8C4851C84258}.Release|Any CPU.Build.0 = Release|Any CPU
		{EE09B4AC-5108-496A-A1D6-5530A8EF5779}.Debug|Any CPU.ActiveCfg = Debug|Any CPU
		{EE09B4AC-5108-496A-A1D6-5530A8EF5779}.Debug|Any CPU.Build.0 = Debug|Any CPU
		{EE09B4AC-5108-496A-A1D6-5530A8EF5779}.Release|Any CPU.ActiveCfg = Release|Any CPU
		{EE09B4AC-5108-496A-A1D6-5530A8EF5779}.Release|Any CPU.Build.0 = Release|Any CPU
		{D9CFB397-C6EE-48CC-BF6D-9948B110DCEB}.Debug|Any CPU.ActiveCfg = Debug|Any CPU
		{D9CFB397-C6EE-48CC-BF6D-9948B110DCEB}.Debug|Any CPU.Build.0 = Debug|Any CPU
		{D9CFB397-C6EE-48CC-BF6D-9948B110DCEB}.Release|Any CPU.ActiveCfg = Release|Any CPU
		{D9CFB397-C6EE-48CC-BF6D-9948B110DCEB}.Release|Any CPU.Build.0 = Release|Any CPU
		{D8E7F03C-66A6-4B1A-825B-197B3129F72B}.Debug|Any CPU.ActiveCfg = Debug|Any CPU
		{D8E7F03C-66A6-4B1A-825B-197B3129F72B}.Debug|Any CPU.Build.0 = Debug|Any CPU
		{D8E7F03C-66A6-4B1A-825B-197B3129F72B}.Release|Any CPU.ActiveCfg = Release|Any CPU
		{D8E7F03C-66A6-4B1A-825B-197B3129F72B}.Release|Any CPU.Build.0 = Release|Any CPU
		{DFD9FCA3-A06B-422D-BF8C-A51F596716DA}.Debug|Any CPU.ActiveCfg = Debug|Any CPU
		{DFD9FCA3-A06B-422D-BF8C-A51F596716DA}.Debug|Any CPU.Build.0 = Debug|Any CPU
		{DFD9FCA3-A06B-422D-BF8C-A51F596716DA}.Release|Any CPU.ActiveCfg = Release|Any CPU
		{DFD9FCA3-A06B-422D-BF8C-A51F596716DA}.Release|Any CPU.Build.0 = Release|Any CPU
		{D25314F0-9CF7-4A5E-A6A3-68268D176428}.Debug|Any CPU.ActiveCfg = Debug|Any CPU
		{D25314F0-9CF7-4A5E-A6A3-68268D176428}.Debug|Any CPU.Build.0 = Debug|Any CPU
		{D25314F0-9CF7-4A5E-A6A3-68268D176428}.Release|Any CPU.ActiveCfg = Release|Any CPU
		{D25314F0-9CF7-4A5E-A6A3-68268D176428}.Release|Any CPU.Build.0 = Release|Any CPU
		{596EF68F-F0EE-489A-90D8-B067BD7DB710}.Debug|Any CPU.ActiveCfg = Debug|Any CPU
		{596EF68F-F0EE-489A-90D8-B067BD7DB710}.Debug|Any CPU.Build.0 = Debug|Any CPU
		{596EF68F-F0EE-489A-90D8-B067BD7DB710}.Release|Any CPU.ActiveCfg = Release|Any CPU
		{596EF68F-F0EE-489A-90D8-B067BD7DB710}.Release|Any CPU.Build.0 = Release|Any CPU
		{4DDA0C5D-2EF8-46A6-B23B-17B50B4D14E2}.Debug|Any CPU.ActiveCfg = Debug|Any CPU
		{4DDA0C5D-2EF8-46A6-B23B-17B50B4D14E2}.Debug|Any CPU.Build.0 = Debug|Any CPU
		{4DDA0C5D-2EF8-46A6-B23B-17B50B4D14E2}.Release|Any CPU.ActiveCfg = Release|Any CPU
		{4DDA0C5D-2EF8-46A6-B23B-17B50B4D14E2}.Release|Any CPU.Build.0 = Release|Any CPU
		{EBE61C78-F38A-4E65-8842-2A5E58251B21}.Debug|Any CPU.ActiveCfg = Debug|Any CPU
		{EBE61C78-F38A-4E65-8842-2A5E58251B21}.Debug|Any CPU.Build.0 = Debug|Any CPU
		{EBE61C78-F38A-4E65-8842-2A5E58251B21}.Release|Any CPU.ActiveCfg = Release|Any CPU
		{EBE61C78-F38A-4E65-8842-2A5E58251B21}.Release|Any CPU.Build.0 = Release|Any CPU
		{66A0614A-9A81-437C-8B71-CADFE30EDB94}.Debug|Any CPU.ActiveCfg = Debug|Any CPU
		{66A0614A-9A81-437C-8B71-CADFE30EDB94}.Debug|Any CPU.Build.0 = Debug|Any CPU
		{66A0614A-9A81-437C-8B71-CADFE30EDB94}.Release|Any CPU.ActiveCfg = Release|Any CPU
		{66A0614A-9A81-437C-8B71-CADFE30EDB94}.Release|Any CPU.Build.0 = Release|Any CPU
	EndGlobalSection
	GlobalSection(SolutionProperties) = preSolution
		HideSolutionNode = FALSE
	EndGlobalSection
	GlobalSection(NestedProjects) = preSolution
		{EBDE06DB-5904-410A-9686-8C4851C84258} = {150D8B9D-3032-41DE-9BC1-E259047AA970}
		{F6B59B15-E0EC-4686-B5EE-28B2DE58F427} = {150D8B9D-3032-41DE-9BC1-E259047AA970}
		{7178C8CC-19D3-4350-8531-664A79A0C0B4} = {150D8B9D-3032-41DE-9BC1-E259047AA970}
		{69BD6B5D-B997-49C3-872C-967243F258EE} = {150D8B9D-3032-41DE-9BC1-E259047AA970}
		{EE09B4AC-5108-496A-A1D6-5530A8EF5779} = {7178C8CC-19D3-4350-8531-664A79A0C0B4}
		{D9CFB397-C6EE-48CC-BF6D-9948B110DCEB} = {7178C8CC-19D3-4350-8531-664A79A0C0B4}
		{D8E7F03C-66A6-4B1A-825B-197B3129F72B} = {7178C8CC-19D3-4350-8531-664A79A0C0B4}
		{DFD9FCA3-A06B-422D-BF8C-A51F596716DA} = {69BD6B5D-B997-49C3-872C-967243F258EE}
		{D25314F0-9CF7-4A5E-A6A3-68268D176428} = {69BD6B5D-B997-49C3-872C-967243F258EE}
		{596EF68F-F0EE-489A-90D8-B067BD7DB710} = {F6B59B15-E0EC-4686-B5EE-28B2DE58F427}
		{4DDA0C5D-2EF8-46A6-B23B-17B50B4D14E2} = {69BD6B5D-B997-49C3-872C-967243F258EE}
		{B7DCEB1B-1E50-469A-A36E-206D5863D092} = {150D8B9D-3032-41DE-9BC1-E259047AA970}
		{EBE61C78-F38A-4E65-8842-2A5E58251B21} = {B7DCEB1B-1E50-469A-A36E-206D5863D092}
		{66A0614A-9A81-437C-8B71-CADFE30EDB94} = {F6B59B15-E0EC-4686-B5EE-28B2DE58F427}
	EndGlobalSection
EndGlobal
